{
  "requires": true,
  "lockfileVersion": 1,
  "dependencies": {
    "@iobroker/adapter-core": {
      "version": "1.0.3",
      "resolved": "https://registry.npmjs.org/@iobroker/adapter-core/-/adapter-core-1.0.3.tgz",
      "integrity": "sha512-qsTdSDKgu5WXXQpNTUCuCa/CQYuy1oiSSRT5RJuNhGFtArp2E3hNRB3l/idQEV9FYOL2myKJSVk25sBXKgvF6A==",
      "requires": {
        "@types/iobroker": "^1.4.3"
      }
    },
    "@types/iobroker": {
      "version": "1.4.13",
      "resolved": "https://registry.npmjs.org/@types/iobroker/-/iobroker-1.4.13.tgz",
      "integrity": "sha512-0tvT8EBw/r2Pwl9ikOCHnnqcTBRs5EM71kIC41AJv+Qckj1Gfa+5qPsgAwyHhK1LbO6HY5XxYryM1uau3snwfg==",
      "requires": {
        "@types/node": "*"
      }
    },
    "@types/node": {
      "version": "13.1.0",
      "resolved": "https://registry.npmjs.org/@types/node/-/node-13.1.0.tgz",
      "integrity": "sha512-zwrxviZS08kRX40nqBrmERElF2vpw4IUTd5khkhBTfFH8AOaeoLVx48EC4+ZzS2/Iga7NevncqnsUSYjM4OWYA=="
    },
    "iobroker.template": {
      "version": "0.7.0",
      "resolved": "https://registry.npmjs.org/iobroker.template/-/iobroker.template-0.7.0.tgz",
      "integrity": "sha512-80VqXLJSvzoCltzk4pPL5uScMMyL4RFimWzJoAhdW8jSEf4BT2A8m/aLWdQxIILTQS6kBrDsggCqUC6gUzrrHA==",
      "requires": {
        "@iobroker/adapter-core": "^1.0.3"
      }
    }
  }
}
